
Microsoft Visual Studio Solution File, Format Version 12.00
# Visual Studio Version 16
VisualStudioVersion = 16.0.30128.74
MinimumVisualStudioVersion = 10.0.40219.1
Project("{FAE04EC0-301F-11D3-BF4B-00C04F79EFBC}") = "ContactListApp", "ContactListApp.csproj", "{2DCF4D4F-9685-4A84-81F7-FCE3D56C47E3}"
EndProject
Global
	GlobalSection(SolutionConfigurationPlatforms) = preSolution
		Debug|Any CPU = Debug|Any CPU
		Release|Any CPU = Release|Any CPU
	EndGlobalSection
	GlobalSection(ProjectConfigurationPlatforms) = postSolution
		{2DCF4D4F-9685-4A84-81F7-FCE3D56C47E3}.Debug|Any CPU.ActiveCfg = Debug|Any CPU
		{2DCF4D4F-9685-4A84-81F7-FCE3D56C47E3}.Debug|Any CPU.Build.0 = Debug|Any CPU
		{2DCF4D4F-9685-4A84-81F7-FCE3D56C47E3}.Release|Any CPU.ActiveCfg = Release|Any CPU
		{2DCF4D4F-9685-4A84-81F7-FCE3D56C47E3}.Release|Any CPU.Build.0 = Release|Any CPU
	EndGlobalSection
	GlobalSection(SolutionProperties) = preSolution
		HideSolutionNode = FALSE
	EndGlobalSection
	GlobalSection(ExtensibilityGlobals) = postSolution
		SolutionGuid = {E04245C0-5B2A-423E-8162-394B866AFBB5}
	EndGlobalSection
EndGlobal
